// !$*UTF8*$!
{
	archiveVersion = 1;
	classes = {
	};
	objectVersion = 46;
	objects = {

/* Begin PBXBuildFile section */
		AECC699E1FDDF0C5006BF4BF /* main.m in Sources */ = {isa = PBXBuildFile; fileRef = AECC699D1FDDF0C5006BF4BF /* main.m */; };
		AECC69A11FDDF0C5006BF4BF /* AppDelegate.m in Sources */ = {isa = PBXBuildFile; fileRef = AECC69A01FDDF0C5006BF4BF /* AppDelegate.m */; };
		AECC69A41FDDF0C5006BF4BF /* ViewController.m in Sources */ = {isa = PBXBuildFile; fileRef = AECC69A31FDDF0C5006BF4BF /* ViewController.m */; };
		AECC69A71FDDF0C5006BF4BF /* Main.storyboard in Resources */ = {isa = PBXBuildFile; fileRef = AECC69A51FDDF0C5006BF4BF /* Main.storyboard */; };
		AECC69A91FDDF0C5006BF4BF /* Assets.xcassets in Resources */ = {isa = PBXBuildFile; fileRef = AECC69A81FDDF0C5006BF4BF /* Assets.xcassets */; };
		AECC69AC1FDDF0C5006BF4BF /* LaunchScreen.storyboard in Resources */ = {isa = PBXBuildFile; fileRef = AECC69AA1FDDF0C5006BF4BF /* LaunchScreen.storyboard */; };
		AECC69B71FDDF0C5006BF4BF /* ContactManagerTests.m in Sources */ = {isa = PBXBuildFile; fileRef = AECC69B61FDDF0C5006BF4BF /* ContactManagerTests.m */; };
		AECC69DE1FDDF258006BF4BF /* Contact.m in Sources */ = {isa = PBXBuildFile; fileRef = AECC69C31FDDF258006BF4BF /* Contact.m */; };
		AECC69DF1FDDF258006BF4BF /* CNContactProvider.m in Sources */ = {isa = PBXBuildFile; fileRef = AECC69C81FDDF258006BF4BF /* CNContactProvider.m */; };
		AECC69E01FDDF258006BF4BF /* CNContactAuthorization.m in Sources */ = {isa = PBXBuildFile; fileRef = AECC69CA1FDDF258006BF4BF /* CNContactAuthorization.m */; };
		AECC69E11FDDF258006BF4BF /* ABContactProviderAuthorization.m in Sources */ = {isa = PBXBuildFile; fileRef = AECC69CD1FDDF258006BF4BF /* ABContactProviderAuthorization.m */; };
		AECC69E21FDDF258006BF4BF /* ABContactProvider.m in Sources */ = {isa = PBXBuildFile; fileRef = AECC69D01FDDF258006BF4BF /* ABContactProvider.m */; };
		AECC69E31FDDF258006BF4BF /* ContactManager.m in Sources */ = {isa = PBXBuildFile; fileRef = AECC69D31FDDF258006BF4BF /* ContactManager.m */; };
		AECC69E41FDDF258006BF4BF /* ContactViewParam.m in Sources */ = {isa = PBXBuildFile; fileRef = AECC69D81FDDF258006BF4BF /* ContactViewParam.m */; };
		AECC69E51FDDF258006BF4BF /* ContactListViewParam.m in Sources */ = {isa = PBXBuildFile; fileRef = AECC69DA1FDDF258006BF4BF /* ContactListViewParam.m */; };
		AECC69E61FDDF258006BF4BF /* ContactManagerFactory.m in Sources */ = {isa = PBXBuildFile; fileRef = AECC69DC1FDDF258006BF4BF /* ContactManagerFactory.m */; };
/* End PBXBuildFile section */

/* Begin PBXContainerItemProxy section */
		AECC69B31FDDF0C5006BF4BF /* PBXContainerItemProxy */ = {
			isa = PBXContainerItemProxy;
			containerPortal = AECC69911FDDF0C5006BF4BF /* Project object */;
			proxyType = 1;
			remoteGlobalIDString = AECC69981FDDF0C5006BF4BF;
			remoteInfo = ContactManager;
		};
/* End PBXContainerItemProxy section */

/* Begin PBXFileReference section */
		AECC69991FDDF0C5006BF4BF /* ContactManager.app */ = {isa = PBXFileReference; explicitFileType = wrapper.application; includeInIndex = 0; path = ContactManager.app; sourceTree = BUILT_PRODUCTS_DIR; };
		AECC699D1FDDF0C5006BF4BF /* main.m */ = {isa = PBXFileReference; lastKnownFileType = sourcecode.c.objc; path = main.m; sourceTree = "<group>"; };
		AECC699F1FDDF0C5006BF4BF /* AppDelegate.h */ = {isa = PBXFileReference; lastKnownFileType = sourcecode.c.h; path = AppDelegate.h; sourceTree = "<group>"; };
		AECC69A01FDDF0C5006BF4BF /* AppDelegate.m */ = {isa = PBXFileReference; lastKnownFileType = sourcecode.c.objc; path = AppDelegate.m; sourceTree = "<group>"; };
		AECC69A21FDDF0C5006BF4BF /* ViewController.h */ = {isa = PBXFileReference; lastKnownFileType = sourcecode.c.h; path = ViewController.h; sourceTree = "<group>"; };
		AECC69A31FDDF0C5006BF4BF /* ViewController.m */ = {isa = PBXFileReference; lastKnownFileType = sourcecode.c.objc; path = ViewController.m; sourceTree = "<group>"; };
		AECC69A61FDDF0C5006BF4BF /* Base */ = {isa = PBXFileReference; lastKnownFileType = file.storyboard; name = Base; path = Base.lproj/Main.storyboard; sourceTree = "<group>"; };
		AECC69A81FDDF0C5006BF4BF /* Assets.xcassets */ = {isa = PBXFileReference; lastKnownFileType = folder.assetcatalog; path = Assets.xcassets; sourceTree = "<group>"; };
		AECC69AB1FDDF0C5006BF4BF /* Base */ = {isa = PBXFileReference; lastKnownFileType = file.storyboard; name = Base; path = Base.lproj/LaunchScreen.storyboard; sourceTree = "<group>"; };
		AECC69AD1FDDF0C5006BF4BF /* Info.plist */ = {isa = PBXFileReference; lastKnownFileType = text.plist.xml; path = Info.plist; sourceTree = "<group>"; };
		AECC69B21FDDF0C5006BF4BF /* ContactManagerTests.xctest */ = {isa = PBXFileReference; explicitFileType = wrapper.cfbundle; includeInIndex = 0; path = ContactManagerTests.xctest; sourceTree = BUILT_PRODUCTS_DIR; };
		AECC69B61FDDF0C5006BF4BF /* ContactManagerTests.m */ = {isa = PBXFileReference; lastKnownFileType = sourcecode.c.objc; path = ContactManagerTests.m; sourceTree = "<group>"; };
		AECC69B81FDDF0C5006BF4BF /* Info.plist */ = {isa = PBXFileReference; lastKnownFileType = text.plist.xml; path = Info.plist; sourceTree = "<group>"; };
		AECC69C31FDDF258006BF4BF /* Contact.m */ = {isa = PBXFileReference; fileEncoding = 4; lastKnownFileType = sourcecode.c.objc; path = Contact.m; sourceTree = "<group>"; };
		AECC69C41FDDF258006BF4BF /* Contact.h */ = {isa = PBXFileReference; fileEncoding = 4; lastKnownFileType = sourcecode.c.h; path = Contact.h; sourceTree = "<group>"; };
		AECC69C71FDDF258006BF4BF /* CNContactAuthorization.h */ = {isa = PBXFileReference; fileEncoding = 4; lastKnownFileType = sourcecode.c.h; path = CNContactAuthorization.h; sourceTree = "<group>"; };
		AECC69C81FDDF258006BF4BF /* CNContactProvider.m */ = {isa = PBXFileReference; fileEncoding = 4; lastKnownFileType = sourcecode.c.objc; path = CNContactProvider.m; sourceTree = "<group>"; };
		AECC69C91FDDF258006BF4BF /* CNContactProvider.h */ = {isa = PBXFileReference; fileEncoding = 4; lastKnownFileType = sourcecode.c.h; path = CNContactProvider.h; sourceTree = "<group>"; };
		AECC69CA1FDDF258006BF4BF /* CNContactAuthorization.m */ = {isa = PBXFileReference; fileEncoding = 4; lastKnownFileType = sourcecode.c.objc; path = CNContactAuthorization.m; sourceTree = "<group>"; };
		AECC69CB1FDDF258006BF4BF /* ContactProviderAuthorization.h */ = {isa = PBXFileReference; fileEncoding = 4; lastKnownFileType = sourcecode.c.h; path = ContactProviderAuthorization.h; sourceTree = "<group>"; };
		AECC69CD1FDDF258006BF4BF /* ABContactProviderAuthorization.m */ = {isa = PBXFileReference; fileEncoding = 4; lastKnownFileType = sourcecode.c.objc; path = ABContactProviderAuthorization.m; sourceTree = "<group>"; };
		AECC69CE1FDDF258006BF4BF /* ABContactProvider.h */ = {isa = PBXFileReference; fileEncoding = 4; lastKnownFileType = sourcecode.c.h; path = ABContactProvider.h; sourceTree = "<group>"; };
		AECC69CF1FDDF258006BF4BF /* ABContactProviderAuthorization.h */ = {isa = PBXFileReference; fileEncoding = 4; lastKnownFileType = sourcecode.c.h; path = ABContactProviderAuthorization.h; sourceTree = "<group>"; };
		AECC69D01FDDF258006BF4BF /* ABContactProvider.m */ = {isa = PBXFileReference; fileEncoding = 4; lastKnownFileType = sourcecode.c.objc; path = ABContactProvider.m; sourceTree = "<group>"; };
		AECC69D11FDDF258006BF4BF /* ContactProvider.h */ = {isa = PBXFileReference; fileEncoding = 4; lastKnownFileType = sourcecode.c.h; path = ContactProvider.h; sourceTree = "<group>"; };
		AECC69D31FDDF258006BF4BF /* ContactManager.m */ = {isa = PBXFileReference; fileEncoding = 4; lastKnownFileType = sourcecode.c.objc; path = ContactManager.m; sourceTree = "<group>"; };
		AECC69D41FDDF258006BF4BF /* FetchContact.h */ = {isa = PBXFileReference; fileEncoding = 4; lastKnownFileType = sourcecode.c.h; path = FetchContact.h; sourceTree = "<group>"; };
		AECC69D51FDDF258006BF4BF /* ContactManager.h */ = {isa = PBXFileReference; fileEncoding = 4; lastKnownFileType = sourcecode.c.h; path = ContactManager.h; sourceTree = "<group>"; };
		AECC69D71FDDF258006BF4BF /* ContactListViewParam.h */ = {isa = PBXFileReference; fileEncoding = 4; lastKnownFileType = sourcecode.c.h; path = ContactListViewParam.h; sourceTree = "<group>"; };
		AECC69D81FDDF258006BF4BF /* ContactViewParam.m */ = {isa = PBXFileReference; fileEncoding = 4; lastKnownFileType = sourcecode.c.objc; path = ContactViewParam.m; sourceTree = "<group>"; };
		AECC69D91FDDF258006BF4BF /* ContactViewParam.h */ = {isa = PBXFileReference; fileEncoding = 4; lastKnownFileType = sourcecode.c.h; path = ContactViewParam.h; sourceTree = "<group>"; };
		AECC69DA1FDDF258006BF4BF /* ContactListViewParam.m */ = {isa = PBXFileReference; fileEncoding = 4; lastKnownFileType = sourcecode.c.objc; path = ContactListViewParam.m; sourceTree = "<group>"; };
		AECC69DC1FDDF258006BF4BF /* ContactManagerFactory.m */ = {isa = PBXFileReference; fileEncoding = 4; lastKnownFileType = sourcecode.c.objc; path = ContactManagerFactory.m; sourceTree = "<group>"; };
		AECC69DD1FDDF258006BF4BF /* ContactManagerFactory.h */ = {isa = PBXFileReference; fileEncoding = 4; lastKnownFileType = sourcecode.c.h; path = ContactManagerFactory.h; sourceTree = "<group>"; };
/* End PBXFileReference section */

/* Begin PBXFrameworksBuildPhase section */
		AECC69961FDDF0C5006BF4BF /* Frameworks */ = {
			isa = PBXFrameworksBuildPhase;
			buildActionMask = 2147483647;
			files = (
			);
			runOnlyForDeploymentPostprocessing = 0;
		};
		AECC69AF1FDDF0C5006BF4BF /* Frameworks */ = {
			isa = PBXFrameworksBuildPhase;
			buildActionMask = 2147483647;
			files = (
			);
			runOnlyForDeploymentPostprocessing = 0;
		};
/* End PBXFrameworksBuildPhase section */

/* Begin PBXGroup section */
		AECC69901FDDF0C5006BF4BF = {
			isa = PBXGroup;
			children = (
				AECC699B1FDDF0C5006BF4BF /* ContactManager */,
				AECC69B51FDDF0C5006BF4BF /* ContactManagerTests */,
				AECC699A1FDDF0C5006BF4BF /* Products */,
			);
			sourceTree = "<group>";
		};
		AECC699A1FDDF0C5006BF4BF /* Products */ = {
			isa = PBXGroup;
			children = (
				AECC69991FDDF0C5006BF4BF /* ContactManager.app */,
				AECC69B21FDDF0C5006BF4BF /* ContactManagerTests.xctest */,
			);
			name = Products;
			sourceTree = "<group>";
		};
		AECC699B1FDDF0C5006BF4BF /* ContactManager */ = {
			isa = PBXGroup;
			children = (
				AECC69C11FDDF258006BF4BF /* Classes */,
				AECC699F1FDDF0C5006BF4BF /* AppDelegate.h */,
				AECC69A01FDDF0C5006BF4BF /* AppDelegate.m */,
				AECC69A21FDDF0C5006BF4BF /* ViewController.h */,
				AECC69A31FDDF0C5006BF4BF /* ViewController.m */,
				AECC69A51FDDF0C5006BF4BF /* Main.storyboard */,
				AECC69A81FDDF0C5006BF4BF /* Assets.xcassets */,
				AECC69AA1FDDF0C5006BF4BF /* LaunchScreen.storyboard */,
				AECC69AD1FDDF0C5006BF4BF /* Info.plist */,
				AECC699C1FDDF0C5006BF4BF /* Supporting Files */,
			);
			path = ContactManager;
			sourceTree = "<group>";
		};
		AECC699C1FDDF0C5006BF4BF /* Supporting Files */ = {
			isa = PBXGroup;
			children = (
				AECC699D1FDDF0C5006BF4BF /* main.m */,
			);
			name = "Supporting Files";
			sourceTree = "<group>";
		};
		AECC69B51FDDF0C5006BF4BF /* ContactManagerTests */ = {
			isa = PBXGroup;
			children = (
				AECC69B61FDDF0C5006BF4BF /* ContactManagerTests.m */,
				AECC69B81FDDF0C5006BF4BF /* Info.plist */,
			);
			path = ContactManagerTests;
			sourceTree = "<group>";
		};
		AECC69C11FDDF258006BF4BF /* Classes */ = {
			isa = PBXGroup;
			children = (
				AECC69C21FDDF258006BF4BF /* Entity */,
				AECC69C51FDDF258006BF4BF /* Adapter */,
				AECC69D21FDDF258006BF4BF /* Manager */,
				AECC69D61FDDF258006BF4BF /* ViewParam */,
				AECC69DB1FDDF258006BF4BF /* Factory */,
			);
			path = Classes;
			sourceTree = "<group>";
		};
		AECC69C21FDDF258006BF4BF /* Entity */ = {
			isa = PBXGroup;
			children = (
				AECC69C31FDDF258006BF4BF /* Contact.m */,
				AECC69C41FDDF258006BF4BF /* Contact.h */,
			);
			path = Entity;
			sourceTree = "<group>";
		};
		AECC69C51FDDF258006BF4BF /* Adapter */ = {
			isa = PBXGroup;
			children = (
				AECC69C61FDDF258006BF4BF /* Contact */,
				AECC69CB1FDDF258006BF4BF /* ContactProviderAuthorization.h */,
				AECC69CC1FDDF258006BF4BF /* AddressBook */,
				AECC69D11FDDF258006BF4BF /* ContactProvider.h */,
			);
			path = Adapter;
			sourceTree = "<group>";
		};
		AECC69C61FDDF258006BF4BF /* Contact */ = {
			isa = PBXGroup;
			children = (
				AECC69C71FDDF258006BF4BF /* CNContactAuthorization.h */,
				AECC69C81FDDF258006BF4BF /* CNContactProvider.m */,
				AECC69C91FDDF258006BF4BF /* CNContactProvider.h */,
				AECC69CA1FDDF258006BF4BF /* CNContactAuthorization.m */,
			);
			path = Contact;
			sourceTree = "<group>";
		};
		AECC69CC1FDDF258006BF4BF /* AddressBook */ = {
			isa = PBXGroup;
			children = (
				AECC69CD1FDDF258006BF4BF /* ABContactProviderAuthorization.m */,
				AECC69CE1FDDF258006BF4BF /* ABContactProvider.h */,
				AECC69CF1FDDF258006BF4BF /* ABContactProviderAuthorization.h */,
				AECC69D01FDDF258006BF4BF /* ABContactProvider.m */,
			);
			path = AddressBook;
			sourceTree = "<group>";
		};
		AECC69D21FDDF258006BF4BF /* Manager */ = {
			isa = PBXGroup;
			children = (
				AECC69D31FDDF258006BF4BF /* ContactManager.m */,
				AECC69D41FDDF258006BF4BF /* FetchContact.h */,
				AECC69D51FDDF258006BF4BF /* ContactManager.h */,
			);
			path = Manager;
			sourceTree = "<group>";
		};
		AECC69D61FDDF258006BF4BF /* ViewParam */ = {
			isa = PBXGroup;
			children = (
				AECC69D71FDDF258006BF4BF /* ContactListViewParam.h */,
				AECC69D81FDDF258006BF4BF /* ContactViewParam.m */,
				AECC69D91FDDF258006BF4BF /* ContactViewParam.h */,
				AECC69DA1FDDF258006BF4BF /* ContactListViewParam.m */,
			);
			path = ViewParam;
			sourceTree = "<group>";
		};
		AECC69DB1FDDF258006BF4BF /* Factory */ = {
			isa = PBXGroup;
			children = (
				AECC69DC1FDDF258006BF4BF /* ContactManagerFactory.m */,
				AECC69DD1FDDF258006BF4BF /* ContactManagerFactory.h */,
			);
			path = Factory;
			sourceTree = "<group>";
		};
/* End PBXGroup section */

/* Begin PBXNativeTarget section */
		AECC69981FDDF0C5006BF4BF /* ContactManager */ = {
			isa = PBXNativeTarget;
			buildConfigurationList = AECC69BB1FDDF0C5006BF4BF /* Build configuration list for PBXNativeTarget "ContactManager" */;
			buildPhases = (
				AECC69951FDDF0C5006BF4BF /* Sources */,
				AECC69961FDDF0C5006BF4BF /* Frameworks */,
				AECC69971FDDF0C5006BF4BF /* Resources */,
			);
			buildRules = (
			);
			dependencies = (
			);
			name = ContactManager;
			productName = ContactManager;
			productReference = AECC69991FDDF0C5006BF4BF /* ContactManager.app */;
			productType = "com.apple.product-type.application";
		};
		AECC69B11FDDF0C5006BF4BF /* ContactManagerTests */ = {
			isa = PBXNativeTarget;
			buildConfigurationList = AECC69BE1FDDF0C5006BF4BF /* Build configuration list for PBXNativeTarget "ContactManagerTests" */;
			buildPhases = (
				AECC69AE1FDDF0C5006BF4BF /* Sources */,
				AECC69AF1FDDF0C5006BF4BF /* Frameworks */,
				AECC69B01FDDF0C5006BF4BF /* Resources */,
			);
			buildRules = (
			);
			dependencies = (
				AECC69B41FDDF0C5006BF4BF /* PBXTargetDependency */,
			);
			name = ContactManagerTests;
			productName = ContactManagerTests;
			productReference = AECC69B21FDDF0C5006BF4BF /* ContactManagerTests.xctest */;
			productType = "com.apple.product-type.bundle.unit-test";
		};
/* End PBXNativeTarget section */

/* Begin PBXProject section */
		AECC69911FDDF0C5006BF4BF /* Project object */ = {
			isa = PBXProject;
			attributes = {
				LastUpgradeCheck = 0730;
				ORGANIZATIONNAME = rakhmatc;
				TargetAttributes = {
					AECC69981FDDF0C5006BF4BF = {
						CreatedOnToolsVersion = 7.3.1;
					};
					AECC69B11FDDF0C5006BF4BF = {
						CreatedOnToolsVersion = 7.3.1;
						TestTargetID = AECC69981FDDF0C5006BF4BF;
					};
				};
			};
			buildConfigurationList = AECC69941FDDF0C5006BF4BF /* Build configuration list for PBXProject "ContactManager" */;
			compatibilityVersion = "Xcode 3.2";
			developmentRegion = English;
			hasScannedForEncodings = 0;
			knownRegions = (
				en,
				Base,
			);
			mainGroup = AECC69901FDDF0C5006BF4BF;
			productRefGroup = AECC699A1FDDF0C5006BF4BF /* Products */;
			projectDirPath = "";
			projectRoot = "";
			targets = (
				AECC69981FDDF0C5006BF4BF /* ContactManager */,
				AECC69B11FDDF0C5006BF4BF /* ContactManagerTests */,
			);
		};
/* End PBXProject section */

/* Begin PBXResourcesBuildPhase section */
		AECC69971FDDF0C5006BF4BF /* Resources */ = {
			isa = PBXResourcesBuildPhase;
			buildActionMask = 2147483647;
			files = (
				AECC69AC1FDDF0C5006BF4BF /* LaunchScreen.storyboard in Resources */,
				AECC69A91FDDF0C5006BF4BF /* Assets.xcassets in Resources */,
				AECC69A71FDDF0C5006BF4BF /* Main.storyboard in Resources */,
			);
			runOnlyForDeploymentPostprocessing = 0;
		};
		AECC69B01FDDF0C5006BF4BF /* Resources */ = {
			isa = PBXResourcesBuildPhase;
			buildActionMask = 2147483647;
			files = (
			);
			runOnlyForDeploymentPostprocessing = 0;
		};
/* End PBXResourcesBuildPhase section */

/* Begin PBXSourcesBuildPhase section */
		AECC69951FDDF0C5006BF4BF /* Sources */ = {
			isa = PBXSourcesBuildPhase;
			buildActionMask = 2147483647;
			files = (
				AECC69E21FDDF258006BF4BF /* ABContactProvider.m in Sources */,
				AECC69E41FDDF258006BF4BF /* ContactViewParam.m in Sources */,
				AECC69DE1FDDF258006BF4BF /* Contact.m in Sources */,
				AECC69E01FDDF258006BF4BF /* CNContactAuthorization.m in Sources */,
				AECC69A41FDDF0C5006BF4BF /* ViewController.m in Sources */,
				AECC69E31FDDF258006BF4BF /* ContactManager.m in Sources */,
				AECC69A11FDDF0C5006BF4BF /* AppDelegate.m in Sources */,
				AECC69E11FDDF258006BF4BF /* ABContactProviderAuthorization.m in Sources */,
				AECC69E51FDDF258006BF4BF /* ContactListViewParam.m in Sources */,
				AECC69E61FDDF258006BF4BF /* ContactManagerFactory.m in Sources */,
				AECC69DF1FDDF258006BF4BF /* CNContactProvider.m in Sources */,
				AECC699E1FDDF0C5006BF4BF /* main.m in Sources */,
			);
			runOnlyForDeploymentPostprocessing = 0;
		};
		AECC69AE1FDDF0C5006BF4BF /* Sources */ = {
			isa = PBXSourcesBuildPhase;
			buildActionMask = 2147483647;
			files = (
				AECC69B71FDDF0C5006BF4BF /* ContactManagerTests.m in Sources */,
			);
			runOnlyForDeploymentPostprocessing = 0;
		};
/* End PBXSourcesBuildPhase section */

/* Begin PBXTargetDependency section */
		AECC69B41FDDF0C5006BF4BF /* PBXTargetDependency */ = {
			isa = PBXTargetDependency;
			target = AECC69981FDDF0C5006BF4BF /* ContactManager */;
			targetProxy = AECC69B31FDDF0C5006BF4BF /* PBXContainerItemProxy */;
		};
/* End PBXTargetDependency section */

/* Begin PBXVariantGroup section */
		AECC69A51FDDF0C5006BF4BF /* Main.storyboard */ = {
			isa = PBXVariantGroup;
			children = (
				AECC69A61FDDF0C5006BF4BF /* Base */,
			);
			name = Main.storyboard;
			sourceTree = "<group>";
		};
		AECC69AA1FDDF0C5006BF4BF /* LaunchScreen.storyboard */ = {
			isa = PBXVariantGroup;
			children = (
				AECC69AB1FDDF0C5006BF4BF /* Base */,
			);
			name = LaunchScreen.storyboard;
			sourceTree = "<group>";
		};
/* End PBXVariantGroup section */

/* Begin XCBuildConfiguration section */
		AECC69B91FDDF0C5006BF4BF /* Debug */ = {
			isa = XCBuildConfiguration;
			buildSettings = {
				ALWAYS_SEARCH_USER_PATHS = NO;
				CLANG_ANALYZER_NONNULL = YES;
				CLANG_CXX_LANGUAGE_STANDARD = "gnu++0x";
				CLANG_CXX_LIBRARY = "libc++";
				CLANG_ENABLE_MODULES = YES;
				CLANG_ENABLE_OBJC_ARC = YES;
				CLANG_WARN_BOOL_CONVERSION = YES;
				CLANG_WARN_CONSTANT_CONVERSION = YES;
				CLANG_WARN_DIRECT_OBJC_ISA_USAGE = YES_ERROR;
				CLANG_WARN_EMPTY_BODY = YES;
				CLANG_WARN_ENUM_CONVERSION = YES;
				CLANG_WARN_INT_CONVERSION = YES;
				CLANG_WARN_OBJC_ROOT_CLASS = YES_ERROR;
				CLANG_WARN_UNREACHABLE_CODE = YES;
				CLANG_WARN__DUPLICATE_METHOD_MATCH = YES;
				"CODE_SIGN_IDENTITY[sdk=iphoneos*]" = "iPhone Developer";
				COPY_PHASE_STRIP = NO;
				DEBUG_INFORMATION_FORMAT = dwarf;
				ENABLE_STRICT_OBJC_MSGSEND = YES;
				ENABLE_TESTABILITY = YES;
				GCC_C_LANGUAGE_STANDARD = gnu99;
				GCC_DYNAMIC_NO_PIC = NO;
				GCC_NO_COMMON_BLOCKS = YES;
				GCC_OPTIMIZATION_LEVEL = 0;
				GCC_PREPROCESSOR_DEFINITIONS = (
					"DEBUG=1",
					"$(inherited)",
				);
				GCC_WARN_64_TO_32_BIT_CONVERSION = YES;
				GCC_WARN_ABOUT_RETURN_TYPE = YES_ERROR;
				GCC_WARN_UNDECLARED_SELECTOR = YES;
				GCC_WARN_UNINITIALIZED_AUTOS = YES_AGGRESSIVE;
				GCC_WARN_UNUSED_FUNCTION = YES;
				GCC_WARN_UNUSED_VARIABLE = YES;
				IPHONEOS_DEPLOYMENT_TARGET = 9.3;
				MTL_ENABLE_DEBUG_INFO = YES;
				ONLY_ACTIVE_ARCH = YES;
				SDKROOT = iphoneos;
				TARGETED_DEVICE_FAMILY = "1,2";
			};
			name = Debug;
		};
		AECC69BA1FDDF0C5006BF4BF /* Release */ = {
			isa = XCBuildConfiguration;
			buildSettings = {
				ALWAYS_SEARCH_USER_PATHS = NO;
				CLANG_ANALYZER_NONNULL = YES;
				CLANG_CXX_LANGUAGE_STANDARD = "gnu++0x";
				CLANG_CXX_LIBRARY = "libc++";
				CLANG_ENABLE_MODULES = YES;
				CLANG_ENABLE_OBJC_ARC = YES;
				CLANG_WARN_BOOL_CONVERSION = YES;
				CLANG_WARN_CONSTANT_CONVERSION = YES;
				CLANG_WARN_DIRECT_OBJC_ISA_USAGE = YES_ERROR;
				CLANG_WARN_EMPTY_BODY = YES;
				CLANG_WARN_ENUM_CONVERSION = YES;
				CLANG_WARN_INT_CONVERSION = YES;
				CLANG_WARN_OBJC_ROOT_CLASS = YES_ERROR;
				CLANG_WARN_UNREACHABLE_CODE = YES;
				CLANG_WARN__DUPLICATE_METHOD_MATCH = YES;
				"CODE_SIGN_IDENTITY[sdk=iphoneos*]" = "iPhone Developer";
				COPY_PHASE_STRIP = NO;
				DEBUG_INFORMATION_FORMAT = "dwarf-with-dsym";
				ENABLE_NS_ASSERTIONS = NO;
				ENABLE_STRICT_OBJC_MSGSEND = YES;
				GCC_C_LANGUAGE_STANDARD = gnu99;
				GCC_NO_COMMON_BLOCKS = YES;
				GCC_WARN_64_TO_32_BIT_CONVERSION = YES;
				GCC_WARN_ABOUT_RETURN_TYPE = YES_ERROR;
				GCC_WARN_UNDECLARED_SELECTOR = YES;
				GCC_WARN_UNINITIALIZED_AUTOS = YES_AGGRESSIVE;
				GCC_WARN_UNUSED_FUNCTION = YES;
				GCC_WARN_UNUSED_VARIABLE = YES;
				IPHONEOS_DEPLOYMENT_TARGET = 9.3;
				MTL_ENABLE_DEBUG_INFO = NO;
				SDKROOT = iphoneos;
				TARGETED_DEVICE_FAMILY = "1,2";
				VALIDATE_PRODUCT = YES;
			};
			name = Release;
		};
		AECC69BC1FDDF0C5006BF4BF /* Debug */ = {
			isa = XCBuildConfiguration;
			buildSettings = {
				ASSETCATALOG_COMPILER_APPICON_NAME = AppIcon;
				INFOPLIST_FILE = ContactManager/Info.plist;
				LD_RUNPATH_SEARCH_PATHS = "$(inherited) @executable_path/Frameworks";
				PRODUCT_BUNDLE_IDENTIFIER = com.rc.ContactManager;
				PRODUCT_NAME = "$(TARGET_NAME)";
			};
			name = Debug;
		};
		AECC69BD1FDDF0C5006BF4BF /* Release */ = {
			isa = XCBuildConfiguration;
			buildSettings = {
				ASSETCATALOG_COMPILER_APPICON_NAME = AppIcon;
				INFOPLIST_FILE = ContactManager/Info.plist;
				LD_RUNPATH_SEARCH_PATHS = "$(inherited) @executable_path/Frameworks";
				PRODUCT_BUNDLE_IDENTIFIER = com.rc.ContactManager;
				PRODUCT_NAME = "$(TARGET_NAME)";
			};
			name = Release;
		};
		AECC69BF1FDDF0C5006BF4BF /* Debug */ = {
			isa = XCBuildConfiguration;
			buildSettings = {
				BUNDLE_LOADER = "$(TEST_HOST)";
				INFOPLIST_FILE = ContactManagerTests/Info.plist;
				LD_RUNPATH_SEARCH_PATHS = "$(inherited) @executable_path/Frameworks @loader_path/Frameworks";
				PRODUCT_BUNDLE_IDENTIFIER = com.rc.ContactManagerTests;
				PRODUCT_NAME = "$(TARGET_NAME)";
				TEST_HOST = "$(BUILT_PRODUCTS_DIR)/ContactManager.app/ContactManager";
			};
			name = Debug;
		};
		AECC69C01FDDF0C5006BF4BF /* Release */ = {
			isa = XCBuildConfiguration;
			buildSettings = {
				BUNDLE_LOADER = "$(TEST_HOST)";
				INFOPLIST_FILE = ContactManagerTests/Info.plist;
				LD_RUNPATH_SEARCH_PATHS = "$(inherited) @executable_path/Frameworks @loader_path/Frameworks";
				PRODUCT_BUNDLE_IDENTIFIER = com.rc.ContactManagerTests;
				PRODUCT_NAME = "$(TARGET_NAME)";
				TEST_HOST = "$(BUILT_PRODUCTS_DIR)/ContactManager.app/ContactManager";
			};
			name = Release;
		};
/* End XCBuildConfiguration section */

/* Begin XCConfigurationList section */
		AECC69941FDDF0C5006BF4BF /* Build configuration list for PBXProject "ContactManager" */ = {
			isa = XCConfigurationList;
			buildConfigurations = (
				AECC69B91FDDF0C5006BF4BF /* Debug */,
				AECC69BA1FDDF0C5006BF4BF /* Release */,
			);
			defaultConfigurationIsVisible = 0;
			defaultConfigurationName = Release;
		};
		AECC69BB1FDDF0C5006BF4BF /* Build configuration list for PBXNativeTarget "ContactManager" */ = {
			isa = XCConfigurationList;
			buildConfigurations = (
				AECC69BC1FDDF0C5006BF4BF /* Debug */,
				AECC69BD1FDDF0C5006BF4BF /* Release */,
			);
			defaultConfigurationIsVisible = 0;
			defaultConfigurationName = Release;
		};
		AECC69BE1FDDF0C5006BF4BF /* Build configuration list for PBXNativeTarget "ContactManagerTests" */ = {
			isa = XCConfigurationList;
			buildConfigurations = (
				AECC69BF1FDDF0C5006BF4BF /* Debug */,
				AECC69C01FDDF0C5006BF4BF /* Release */,
			);
			defaultConfigurationIsVisible = 0;
			defaultConfigurationName = Release;
		};
/* End XCConfigurationList section */
	};
	rootObject = AECC69911FDDF0C5006BF4BF /* Project object */;
}
